{
  "name": "pi-67-desktop-node-assets",
  "version": "0.1.0-alpha.1",
  "lockfileVersion": 3,
  "requires": true,
  "packages": {
    "": {
      "name": "pi-67-desktop-node-assets",
      "version": "0.1.0-alpha.1",
      "workspaces": [
        "src/Pi67.Desktop.PiBridge",
        "extensions/pi67-desktop-safety"
      ],
      "engines": {
        "node": ">=24.0.0 <25"
      }
    },
    "extensions/pi67-desktop-safety": {
      "name": "@bigking67/pi67-desktop-safety",
      "version": "0.1.0-alpha.1",
      "engines": {
        "node": ">=24.0.0 <25"
      }
    },
    "node_modules/@bigking67/pi67-desktop-bridge": {
      "resolved": "src/Pi67.Desktop.PiBridge",
      "link": true
    },
    "node_modules/@bigking67/pi67-desktop-safety": {
      "resolved": "extensions/pi67-desktop-safety",
      "link": true
    },
    "src/Pi67.Desktop.PiBridge": {
      "name": "@bigking67/pi67-desktop-bridge",
      "version": "0.1.0-alpha.1",
      "engines": {
        "node": ">=24.0.0 <25"
      }
    }
  }
}
